<Solution>
  <Folder Name="/src/">
    <Project Path="src/GauntletAI.AgentForge.Agent/GauntletAI.AgentForge.Agent.csproj" />
    <Project Path="src/GauntletAI.AgentForge.Agents/GauntletAI.AgentForge.Agents.csproj" />
    <Project Path="src/GauntletAI.AgentForge.Api/GauntletAI.AgentForge.Api.csproj" />
    <Project Path="src/GauntletAI.AgentForge.Data/GauntletAI.AgentForge.Data.csproj" />
    <Project Path="src/GauntletAI.AgentForge.Documents/GauntletAI.AgentForge.Documents.csproj" />
    <Project Path="src/GauntletAI.AgentForge.Integration.OpenEmr/GauntletAI.AgentForge.Integration.OpenEmr.csproj" />
    <Project Path="src/GauntletAI.AgentForge.Llm/GauntletAI.AgentForge.Llm.csproj" />
    <Project Path="src/GauntletAI.AgentForge.Mcp/GauntletAI.AgentForge.Mcp.csproj" />
    <Project Path="src/GauntletAI.AgentForge.Observability/GauntletAI.AgentForge.Observability.csproj" />
    <Project Path="src/GauntletAI.AgentForge.Retrieval/GauntletAI.AgentForge.Retrieval.csproj" />
    <Project Path="src/GauntletAI.AgentForge.Verification/GauntletAI.AgentForge.Verification.csproj" />
  </Folder>
  <Folder Name="/tests/">
    <Project Path="tests/GauntletAI.AgentForge.EvalTests/GauntletAI.AgentForge.EvalTests.csproj" />
    <Project Path="tests/GauntletAI.AgentForge.Evals/GauntletAI.AgentForge.Evals.csproj" />
    <Project Path="tests/GauntletAI.AgentForge.IntegrationTests/GauntletAI.AgentForge.IntegrationTests.csproj" />
    <Project Path="tests/GauntletAI.AgentForge.UnitTests/GauntletAI.AgentForge.UnitTests.csproj" />
  </Folder>
  <Folder Name="/tools/">
    <Project Path="tools/LoadTestChat/LoadTestChat.csproj" />
    <Project Path="tools/MintQaIdentityToken/MintQaIdentityToken.csproj" />
    <Project Path="tools/RegisterSmartClients/RegisterSmartClients.csproj" />
    <Project Path="tools/SeedDemoPatients/SeedDemoPatients.csproj" />
  </Folder>
</Solution>
